
Microsoft Visual Studio Solution File, Format Version 12.00
# Visual Studio 15
VisualStudioVersion = 15.0.28010.2036
MinimumVisualStudioVersion = 10.0.40219.1
Project("{FAE04EC0-301F-11D3-BF4B-00C04F79EFBC}") = "library", "library\library.csproj", "{552511FB-B9E3-4773-93F6-91AAE0B6ABA7}"
EndProject
Project("{FAE04EC0-301F-11D3-BF4B-00C04F79EFBC}") = "webYelabay", "webYelabay\webYelabay.csproj", "{F5388628-9361-487F-9878-C207617B2341}"
EndProject
Global
	GlobalSection(SolutionConfigurationPlatforms) = preSolution
		Debug|Any CPU = Debug|Any CPU
		Release|Any CPU = Release|Any CPU
	EndGlobalSection
	GlobalSection(ProjectConfigurationPlatforms) = postSolution
		{552511FB-B9E3-4773-93F6-91AAE0B6ABA7}.Debug|Any CPU.ActiveCfg = Debug|Any CPU
		{552511FB-B9E3-4773-93F6-91AAE0B6ABA7}.Debug|Any CPU.Build.0 = Debug|Any CPU
		{552511FB-B9E3-4773-93F6-91AAE0B6ABA7}.Release|Any CPU.ActiveCfg = Release|Any CPU
		{552511FB-B9E3-4773-93F6-91AAE0B6ABA7}.Release|Any CPU.Build.0 = Release|Any CPU
		{F5388628-9361-487F-9878-C207617B2341}.Debug|Any CPU.ActiveCfg = Debug|Any CPU
		{F5388628-9361-487F-9878-C207617B2341}.Debug|Any CPU.Build.0 = Debug|Any CPU
		{F5388628-9361-487F-9878-C207617B2341}.Release|Any CPU.ActiveCfg = Release|Any CPU
		{F5388628-9361-487F-9878-C207617B2341}.Release|Any CPU.Build.0 = Release|Any CPU
	EndGlobalSection
	GlobalSection(SolutionProperties) = preSolution
		HideSolutionNode = FALSE
	EndGlobalSection
	GlobalSection(ExtensibilityGlobals) = postSolution
		SolutionGuid = {60312939-62B6-47D8-ABD3-F733C521E744}
	EndGlobalSection
EndGlobal
